
Microsoft Visual Studio Solution File, Format Version 12.00
# Visual Studio Version 16
VisualStudioVersion = 16.0.29920.165
MinimumVisualStudioVersion = 10.0.40219.1
Project("{FAE04EC0-301F-11D3-BF4B-00C04F79EFBC}") = "APIPadrones", "APIPadrones\APIPadrones.csproj", "{AF15AAEE-6197-4374-9004-A669CD2EBAE6}"
EndProject
Global
	GlobalSection(SolutionConfigurationPlatforms) = preSolution
		Debug|Any CPU = Debug|Any CPU
		Release|Any CPU = Release|Any CPU
	EndGlobalSection
	GlobalSection(ProjectConfigurationPlatforms) = postSolution
		{AF15AAEE-6197-4374-9004-A669CD2EBAE6}.Debug|Any CPU.ActiveCfg = Debug|Any CPU
		{AF15AAEE-6197-4374-9004-A669CD2EBAE6}.Debug|Any CPU.Build.0 = Debug|Any CPU
		{AF15AAEE-6197-4374-9004-A669CD2EBAE6}.Release|Any CPU.ActiveCfg = Release|Any CPU
		{AF15AAEE-6197-4374-9004-A669CD2EBAE6}.Release|Any CPU.Build.0 = Release|Any CPU
	EndGlobalSection
	GlobalSection(SolutionProperties) = preSolution
		HideSolutionNode = FALSE
	EndGlobalSection
	GlobalSection(ExtensibilityGlobals) = postSolution
		SolutionGuid = {350C8358-ABC4-4F8F-92A3-6718A3548152}
	EndGlobalSection
EndGlobal
